
Microsoft Visual Studio Solution File, Format Version 12.00
# Visual Studio Version 17
VisualStudioVersion = 17.0.31919.166
MinimumVisualStudioVersion = 10.0.40219.1
Project("{FAE04EC0-301F-11D3-BF4B-00C04F79EFBC}") = "PrimChat", "PrimChat\PrimChat.csproj", "{B225E1C7-96EF-45AA-B0A6-16E0E30BB20D}"
EndProject
Global
	GlobalSection(SolutionConfigurationPlatforms) = preSolution
		Debug|Any CPU = Debug|Any CPU
		Release|Any CPU = Release|Any CPU
	EndGlobalSection
	GlobalSection(ProjectConfigurationPlatforms) = postSolution
		{B225E1C7-96EF-45AA-B0A6-16E0E30BB20D}.Debug|Any CPU.ActiveCfg = Debug|Any CPU
		{B225E1C7-96EF-45AA-B0A6-16E0E30BB20D}.Debug|Any CPU.Build.0 = Debug|Any CPU
		{B225E1C7-96EF-45AA-B0A6-16E0E30BB20D}.Release|Any CPU.ActiveCfg = Release|Any CPU
		{B225E1C7-96EF-45AA-B0A6-16E0E30BB20D}.Release|Any CPU.Build.0 = Release|Any CPU
	EndGlobalSection
	GlobalSection(SolutionProperties) = preSolution
		HideSolutionNode = FALSE
	EndGlobalSection
	GlobalSection(ExtensibilityGlobals) = postSolution
		SolutionGuid = {BAAC7B9A-8A93-4B27-8045-5DCADD3F0176}
	EndGlobalSection
EndGlobal
